
Microsoft Visual Studio Solution File, Format Version 12.00
# Visual Studio 15
VisualStudioVersion = 15.0.28010.2036
MinimumVisualStudioVersion = 10.0.40219.1
Project("{8BC9CEB8-8B4A-11D0-8D11-00A0C91BC942}") = "Project1", "Project1\Project1.vcxproj", "{04FC5CF8-7CF1-49C9-8611-3853CEFF8906}"
EndProject
Global
	GlobalSection(SolutionConfigurationPlatforms) = preSolution
		Debug|x64 = Debug|x64
		Debug|x86 = Debug|x86
		Release|x64 = Release|x64
		Release|x86 = Release|x86
	EndGlobalSection
	GlobalSection(ProjectConfigurationPlatforms) = postSolution
		{04FC5CF8-7CF1-49C9-8611-3853CEFF8906}.Debug|x64.ActiveCfg = Debug|x64
		{04FC5CF8-7CF1-49C9-8611-3853CEFF8906}.Debug|x64.Build.0 = Debug|x64
		{04FC5CF8-7CF1-49C9-8611-3853CEFF8906}.Debug|x86.ActiveCfg = Debug|Win32
		{04FC5CF8-7CF1-49C9-8611-3853CEFF8906}.Debug|x86.Build.0 = Debug|Win32
		{04FC5CF8-7CF1-49C9-8611-3853CEFF8906}.Release|x64.ActiveCfg = Release|x64
		{04FC5CF8-7CF1-49C9-8611-3853CEFF8906}.Release|x64.Build.0 = Release|x64
		{04FC5CF8-7CF1-49C9-8611-3853CEFF8906}.Release|x86.ActiveCfg = Release|Win32
		{04FC5CF8-7CF1-49C9-8611-3853CEFF8906}.Release|x86.Build.0 = Release|Win32
	EndGlobalSection
	GlobalSection(SolutionProperties) = preSolution
		HideSolutionNode = FALSE
	EndGlobalSection
	GlobalSection(ExtensibilityGlobals) = postSolution
		SolutionGuid = {10CCFC02-B21E-49D1-937C-1273A27BDBBC}
	EndGlobalSection
EndGlobal
